<Solution>
  <Configurations>
    <Platform Name="x64" />
    <Platform Name="x86" />
  </Configurations>
  <Folder Name="/ソリューション項目/">
    <File Path=".gitattributes" />
    <File Path=".gitignore" />
    <File Path="Make.bat" />
    <File Path="README.md" />
  </Folder>
  <Project Path="Viewer32/Viewer32.vcxproj" Id="e21583cb-2d9b-4eb6-ac0a-e4fe991149e4" />
</Solution>
